// !$*UTF8*$!
{
	archiveVersion = 1;
	classes = {
	};
	objectVersion = 56;
	objects = {

/* Begin PBXBuildFile section */
		3D616BB72C186CA600BCECB0 /* titleandView.swift in Sources */ = {isa = PBXBuildFile; fileRef = 3D616BB62C186CA600BCECB0 /* titleandView.swift */; };
		3DC1F92A2C15C6A600702DD5 /* apptestingApp.swift in Sources */ = {isa = PBXBuildFile; fileRef = 3DC1F9292C15C6A600702DD5 /* apptestingApp.swift */; };
		3DC1F92C2C15C6A600702DD5 /* ContentView.swift in Sources */ = {isa = PBXBuildFile; fileRef = 3DC1F92B2C15C6A600702DD5 /* ContentView.swift */; };
		3DC1F92E2C15C6A600702DD5 /* Item.swift in Sources */ = {isa = PBXBuildFile; fileRef = 3DC1F92D2C15C6A600702DD5 /* Item.swift */; };
		3DC1F9302C15C6A700702DD5 /* Assets.xcassets in Resources */ = {isa = PBXBuildFile; fileRef = 3DC1F92F2C15C6A700702DD5 /* Assets.xcassets */; };
		3DC1F9332C15C6A700702DD5 /* Preview Assets.xcassets in Resources */ = {isa = PBXBuildFile; fileRef = 3DC1F9322C15C6A700702DD5 /* Preview Assets.xcassets */; };
		3DC1F93D2C15C6A700702DD5 /* apptestingTests.swift in Sources */ = {isa = PBXBuildFile; fileRef = 3DC1F93C2C15C6A700702DD5 /* apptestingTests.swift */; };
		3DC1F9472C15C6A700702DD5 /* apptestingUITests.swift in Sources */ = {isa = PBXBuildFile; fileRef = 3DC1F9462C15C6A700702DD5 /* apptestingUITests.swift */; };
		3DC1F9492C15C6A700702DD5 /* apptestingUITestsLaunchTests.swift in Sources */ = {isa = PBXBuildFile; fileRef = 3DC1F9482C15C6A700702DD5 /* apptestingUITestsLaunchTests.swift */; };
/* End PBXBuildFile section */

/* Begin PBXContainerItemProxy section */
		3DC1F9392C15C6A700702DD5 /* PBXContainerItemProxy */ = {
			isa = PBXContainerItemProxy;
			containerPortal = 3DC1F91E2C15C6A600702DD5 /* Project object */;
			proxyType = 1;
			remoteGlobalIDString = 3DC1F9252C15C6A600702DD5;
			remoteInfo = apptesting;
		};
		3DC1F9432C15C6A700702DD5 /* PBXContainerItemProxy */ = {
			isa = PBXContainerItemProxy;
			containerPortal = 3DC1F91E2C15C6A600702DD5 /* Project object */;
			proxyType = 1;
			remoteGlobalIDString = 3DC1F9252C15C6A600702DD5;
			remoteInfo = apptesting;
		};
/* End PBXContainerItemProxy section */

/* Begin PBXFileReference section */
		3D616BB62C186CA600BCECB0 /* titleandView.swift */ = {isa = PBXFileReference; lastKnownFileType = sourcecode.swift; path = titleandView.swift; sourceTree = "<group>"; };
		3DC1F9262C15C6A600702DD5 /* apptesting.app */ = {isa = PBXFileReference; explicitFileType = wrapper.application; includeInIndex = 0; path = apptesting.app; sourceTree = BUILT_PRODUCTS_DIR; };
		3DC1F9292C15C6A600702DD5 /* apptestingApp.swift */ = {isa = PBXFileReference; lastKnownFileType = sourcecode.swift; path = apptestingApp.swift; sourceTree = "<group>"; };
		3DC1F92B2C15C6A600702DD5 /* ContentView.swift */ = {isa = PBXFileReference; lastKnownFileType = sourcecode.swift; path = ContentView.swift; sourceTree = "<group>"; };
		3DC1F92D2C15C6A600702DD5 /* Item.swift */ = {isa = PBXFileReference; lastKnownFileType = sourcecode.swift; path = Item.swift; sourceTree = "<group>"; };
		3DC1F92F2C15C6A700702DD5 /* Assets.xcassets */ = {isa = PBXFileReference; lastKnownFileType = folder.assetcatalog; path = Assets.xcassets; sourceTree = "<group>"; };
		3DC1F9322C15C6A700702DD5 /* Preview Assets.xcassets */ = {isa = PBXFileReference; lastKnownFileType = folder.assetcatalog; path = "Preview Assets.xcassets"; sourceTree = "<group>"; };
		3DC1F9382C15C6A700702DD5 /* apptestingTests.xctest */ = {isa = PBXFileReference; explicitFileType = wrapper.cfbundle; includeInIndex = 0; path = apptestingTests.xctest; sourceTree = BUILT_PRODUCTS_DIR; };
		3DC1F93C2C15C6A700702DD5 /* apptestingTests.swift */ = {isa = PBXFileReference; lastKnownFileType = sourcecode.swift; path = apptestingTests.swift; sourceTree = "<group>"; };
		3DC1F9422C15C6A700702DD5 /* apptestingUITests.xctest */ = {isa = PBXFileReference; explicitFileType = wrapper.cfbundle; includeInIndex = 0; path = apptestingUITests.xctest; sourceTree = BUILT_PRODUCTS_DIR; };
		3DC1F9462C15C6A700702DD5 /* apptestingUITests.swift */ = {isa = PBXFileReference; lastKnownFileType = sourcecode.swift; path = apptestingUITests.swift; sourceTree = "<group>"; };
		3DC1F9482C15C6A700702DD5 /* apptestingUITestsLaunchTests.swift */ = {isa = PBXFileReference; lastKnownFileType = sourcecode.swift; path = apptestingUITestsLaunchTests.swift; sourceTree = "<group>"; };
/* End PBXFileReference section */

/* Begin PBXFrameworksBuildPhase section */
		3DC1F9232C15C6A600702DD5 /* Frameworks */ = {
			isa = PBXFrameworksBuildPhase;
			buildActionMask = 2147483647;
			files = (
			);
			runOnlyForDeploymentPostprocessing = 0;
		};
		3DC1F9352C15C6A700702DD5 /* Frameworks */ = {
			isa = PBXFrameworksBuildPhase;
			buildActionMask = 2147483647;
			files = (
			);
			runOnlyForDeploymentPostprocessing = 0;
		};
		3DC1F93F2C15C6A700702DD5 /* Frameworks */ = {
			isa = PBXFrameworksBuildPhase;
			buildActionMask = 2147483647;
			files = (
			);
			runOnlyForDeploymentPostprocessing = 0;
		};
/* End PBXFrameworksBuildPhase section */

/* Begin PBXGroup section */
		3DC1F91D2C15C6A600702DD5 = {
			isa = PBXGroup;
			children = (
				3DC1F9282C15C6A600702DD5 /* apptesting */,
				3DC1F93B2C15C6A700702DD5 /* apptestingTests */,
				3DC1F9452C15C6A700702DD5 /* apptestingUITests */,
				3DC1F9272C15C6A600702DD5 /* Products */,
			);
			sourceTree = "<group>";
		};
		3DC1F9272C15C6A600702DD5 /* Products */ = {
			isa = PBXGroup;
			children = (
				3DC1F9262C15C6A600702DD5 /* apptesting.app */,
				3DC1F9382C15C6A700702DD5 /* apptestingTests.xctest */,
				3DC1F9422C15C6A700702DD5 /* apptestingUITests.xctest */,
			);
			name = Products;
			sourceTree = "<group>";
		};
		3DC1F9282C15C6A600702DD5 /* apptesting */ = {
			isa = PBXGroup;
			children = (
				3DC1F9292C15C6A600702DD5 /* apptestingApp.swift */,
				3DC1F92B2C15C6A600702DD5 /* ContentView.swift */,
				3DC1F92D2C15C6A600702DD5 /* Item.swift */,
				3DC1F92F2C15C6A700702DD5 /* Assets.xcassets */,
				3DC1F9312C15C6A700702DD5 /* Preview Content */,
				3D616BB62C186CA600BCECB0 /* titleandView.swift */,
			);
			path = apptesting;
			sourceTree = "<group>";
		};
		3DC1F9312C15C6A700702DD5 /* Preview Content */ = {
			isa = PBXGroup;
			children = (
				3DC1F9322C15C6A700702DD5 /* Preview Assets.xcassets */,
			);
			path = "Preview Content";
			sourceTree = "<group>";
		};
		3DC1F93B2C15C6A700702DD5 /* apptestingTests */ = {
			isa = PBXGroup;
			children = (
				3DC1F93C2C15C6A700702DD5 /* apptestingTests.swift */,
			);
			path = apptestingTests;
			sourceTree = "<group>";
		};
		3DC1F9452C15C6A700702DD5 /* apptestingUITests */ = {
			isa = PBXGroup;
			children = (
				3DC1F9462C15C6A700702DD5 /* apptestingUITests.swift */,
				3DC1F9482C15C6A700702DD5 /* apptestingUITestsLaunchTests.swift */,
			);
			path = apptestingUITests;
			sourceTree = "<group>";
		};
/* End PBXGroup section */

/* Begin PBXNativeTarget section */
		3DC1F9252C15C6A600702DD5 /* apptesting */ = {
			isa = PBXNativeTarget;
			buildConfigurationList = 3DC1F94C2C15C6A700702DD5 /* Build configuration list for PBXNativeTarget "apptesting" */;
			buildPhases = (
				3DC1F9222C15C6A600702DD5 /* Sources */,
				3DC1F9232C15C6A600702DD5 /* Frameworks */,
				3DC1F9242C15C6A600702DD5 /* Resources */,
			);
			buildRules = (
			);
			dependencies = (
			);
			name = apptesting;
			productName = apptesting;
			productReference = 3DC1F9262C15C6A600702DD5 /* apptesting.app */;
			productType = "com.apple.product-type.application";
		};
		3DC1F9372C15C6A700702DD5 /* apptestingTests */ = {
			isa = PBXNativeTarget;
			buildConfigurationList = 3DC1F94F2C15C6A700702DD5 /* Build configuration list for PBXNativeTarget "apptestingTests" */;
			buildPhases = (
				3DC1F9342C15C6A700702DD5 /* Sources */,
				3DC1F9352C15C6A700702DD5 /* Frameworks */,
				3DC1F9362C15C6A700702DD5 /* Resources */,
			);
			buildRules = (
			);
			dependencies = (
				3DC1F93A2C15C6A700702DD5 /* PBXTargetDependency */,
			);
			name = apptestingTests;
			productName = apptestingTests;
			productReference = 3DC1F9382C15C6A700702DD5 /* apptestingTests.xctest */;
			productType = "com.apple.product-type.bundle.unit-test";
		};
		3DC1F9412C15C6A700702DD5 /* apptestingUITests */ = {
			isa = PBXNativeTarget;
			buildConfigurationList = 3DC1F9522C15C6A700702DD5 /* Build configuration list for PBXNativeTarget "apptestingUITests" */;
			buildPhases = (
				3DC1F93E2C15C6A700702DD5 /* Sources */,
				3DC1F93F2C15C6A700702DD5 /* Frameworks */,
				3DC1F9402C15C6A700702DD5 /* Resources */,
			);
			buildRules = (
			);
			dependencies = (
				3DC1F9442C15C6A700702DD5 /* PBXTargetDependency */,
			);
			name = apptestingUITests;
			productName = apptestingUITests;
			productReference = 3DC1F9422C15C6A700702DD5 /* apptestingUITests.xctest */;
			productType = "com.apple.product-type.bundle.ui-testing";
		};
/* End PBXNativeTarget section */

/* Begin PBXProject section */
		3DC1F91E2C15C6A600702DD5 /* Project object */ = {
			isa = PBXProject;
			attributes = {
				BuildIndependentTargetsInParallel = 1;
				LastSwiftUpdateCheck = 1530;
				LastUpgradeCheck = 1530;
				TargetAttributes = {
					3DC1F9252C15C6A600702DD5 = {
						CreatedOnToolsVersion = 15.3;
					};
					3DC1F9372C15C6A700702DD5 = {
						CreatedOnToolsVersion = 15.3;
						TestTargetID = 3DC1F9252C15C6A600702DD5;
					};
					3DC1F9412C15C6A700702DD5 = {
						CreatedOnToolsVersion = 15.3;
						TestTargetID = 3DC1F9252C15C6A600702DD5;
					};
				};
			};
			buildConfigurationList = 3DC1F9212C15C6A600702DD5 /* Build configuration list for PBXProject "apptesting" */;
			compatibilityVersion = "Xcode 14.0";
			developmentRegion = en;
			hasScannedForEncodings = 0;
			knownRegions = (
				en,
				Base,
			);
			mainGroup = 3DC1F91D2C15C6A600702DD5;
			productRefGroup = 3DC1F9272C15C6A600702DD5 /* Products */;
			projectDirPath = "";
			projectRoot = "";
			targets = (
				3DC1F9252C15C6A600702DD5 /* apptesting */,
				3DC1F9372C15C6A700702DD5 /* apptestingTests */,
				3DC1F9412C15C6A700702DD5 /* apptestingUITests */,
			);
		};
/* End PBXProject section */

/* Begin PBXResourcesBuildPhase section */
		3DC1F9242C15C6A600702DD5 /* Resources */ = {
			isa = PBXResourcesBuildPhase;
			buildActionMask = 2147483647;
			files = (
				3DC1F9332C15C6A700702DD5 /* Preview Assets.xcassets in Resources */,
				3DC1F9302C15C6A700702DD5 /* Assets.xcassets in Resources */,
			);
			runOnlyForDeploymentPostprocessing = 0;
		};
		3DC1F9362C15C6A700702DD5 /* Resources */ = {
			isa = PBXResourcesBuildPhase;
			buildActionMask = 2147483647;
			files = (
			);
			runOnlyForDeploymentPostprocessing = 0;
		};
		3DC1F9402C15C6A700702DD5 /* Resources */ = {
			isa = PBXResourcesBuildPhase;
			buildActionMask = 2147483647;
			files = (
			);
			runOnlyForDeploymentPostprocessing = 0;
		};
/* End PBXResourcesBuildPhase section */

/* Begin PBXSourcesBuildPhase section */
		3DC1F9222C15C6A600702DD5 /* Sources */ = {
			isa = PBXSourcesBuildPhase;
			buildActionMask = 2147483647;
			files = (
				3DC1F92C2C15C6A600702DD5 /* ContentView.swift in Sources */,
				3D616BB72C186CA600BCECB0 /* titleandView.swift in Sources */,
				3DC1F92E2C15C6A600702DD5 /* Item.swift in Sources */,
				3DC1F92A2C15C6A600702DD5 /* apptestingApp.swift in Sources */,
			);
			runOnlyForDeploymentPostprocessing = 0;
		};
		3DC1F9342C15C6A700702DD5 /* Sources */ = {
			isa = PBXSourcesBuildPhase;
			buildActionMask = 2147483647;
			files = (
				3DC1F93D2C15C6A700702DD5 /* apptestingTests.swift in Sources */,
			);
			runOnlyForDeploymentPostprocessing = 0;
		};
		3DC1F93E2C15C6A700702DD5 /* Sources */ = {
			isa = PBXSourcesBuildPhase;
			buildActionMask = 2147483647;
			files = (
				3DC1F9472C15C6A700702DD5 /* apptestingUITests.swift in Sources */,
				3DC1F9492C15C6A700702DD5 /* apptestingUITestsLaunchTests.swift in Sources */,
			);
			runOnlyForDeploymentPostprocessing = 0;
		};
/* End PBXSourcesBuildPhase section */

/* Begin PBXTargetDependency section */
		3DC1F93A2C15C6A700702DD5 /* PBXTargetDependency */ = {
			isa = PBXTargetDependency;
			target = 3DC1F9252C15C6A600702DD5 /* apptesting */;
			targetProxy = 3DC1F9392C15C6A700702DD5 /* PBXContainerItemProxy */;
		};
		3DC1F9442C15C6A700702DD5 /* PBXTargetDependency */ = {
			isa = PBXTargetDependency;
			target = 3DC1F9252C15C6A600702DD5 /* apptesting */;
			targetProxy = 3DC1F9432C15C6A700702DD5 /* PBXContainerItemProxy */;
		};
/* End PBXTargetDependency section */

/* Begin XCBuildConfiguration section */
		3DC1F94A2C15C6A700702DD5 /* Debug */ = {
			isa = XCBuildConfiguration;
			buildSettings = {
				ALWAYS_SEARCH_USER_PATHS = NO;
				ASSETCATALOG_COMPILER_GENERATE_SWIFT_ASSET_SYMBOL_EXTENSIONS = YES;
				CLANG_ANALYZER_NONNULL = YES;
				CLANG_ANALYZER_NUMBER_OBJECT_CONVERSION = YES_AGGRESSIVE;
				CLANG_CXX_LANGUAGE_STANDARD = "gnu++20";
				CLANG_ENABLE_MODULES = YES;
				CLANG_ENABLE_OBJC_ARC = YES;
				CLANG_ENABLE_OBJC_WEAK = YES;
				CLANG_WARN_BLOCK_CAPTURE_AUTORELEASING = YES;
				CLANG_WARN_BOOL_CONVERSION = YES;
				CLANG_WARN_COMMA = YES;
				CLANG_WARN_CONSTANT_CONVERSION = YES;
				CLANG_WARN_DEPRECATED_OBJC_IMPLEMENTATIONS = YES;
				CLANG_WARN_DIRECT_OBJC_ISA_USAGE = YES_ERROR;
				CLANG_WARN_DOCUMENTATION_COMMENTS = YES;
				CLANG_WARN_EMPTY_BODY = YES;
				CLANG_WARN_ENUM_CONVERSION = YES;
				CLANG_WARN_INFINITE_RECURSION = YES;
				CLANG_WARN_INT_CONVERSION = YES;
				CLANG_WARN_NON_LITERAL_NULL_CONVERSION = YES;
				CLANG_WARN_OBJC_IMPLICIT_RETAIN_SELF = YES;
				CLANG_WARN_OBJC_LITERAL_CONVERSION = YES;
				CLANG_WARN_OBJC_ROOT_CLASS = YES_ERROR;
				CLANG_WARN_QUOTED_INCLUDE_IN_FRAMEWORK_HEADER = YES;
				CLANG_WARN_RANGE_LOOP_ANALYSIS = YES;
				CLANG_WARN_STRICT_PROTOTYPES = YES;
				CLANG_WARN_SUSPICIOUS_MOVE = YES;
				CLANG_WARN_UNGUARDED_AVAILABILITY = YES_AGGRESSIVE;
				CLANG_WARN_UNREACHABLE_CODE = YES;
				CLANG_WARN__DUPLICATE_METHOD_MATCH = YES;
				COPY_PHASE_STRIP = NO;
				DEBUG_INFORMATION_FORMAT = dwarf;
				ENABLE_STRICT_OBJC_MSGSEND = YES;
				ENABLE_TESTABILITY = YES;
				ENABLE_USER_SCRIPT_SANDBOXING = YES;
				GCC_C_LANGUAGE_STANDARD = gnu17;
				GCC_DYNAMIC_NO_PIC = NO;
				GCC_NO_COMMON_BLOCKS = YES;
				GCC_OPTIMIZATION_LEVEL = 0;
				GCC_PREPROCESSOR_DEFINITIONS = (
					"DEBUG=1",
					"$(inherited)",
				);
				GCC_WARN_64_TO_32_BIT_CONVERSION = YES;
				GCC_WARN_ABOUT_RETURN_TYPE = YES_ERROR;
				GCC_WARN_UNDECLARED_SELECTOR = YES;
				GCC_WARN_UNINITIALIZED_AUTOS = YES_AGGRESSIVE;
				GCC_WARN_UNUSED_FUNCTION = YES;
				GCC_WARN_UNUSED_VARIABLE = YES;
				IPHONEOS_DEPLOYMENT_TARGET = 17.4;
				LOCALIZATION_PREFERS_STRING_CATALOGS = YES;
				MTL_ENABLE_DEBUG_INFO = INCLUDE_SOURCE;
				MTL_FAST_MATH = YES;
				ONLY_ACTIVE_ARCH = YES;
				SDKROOT = iphoneos;
				SWIFT_ACTIVE_COMPILATION_CONDITIONS = "DEBUG $(inherited)";
				SWIFT_OPTIMIZATION_LEVEL = "-Onone";
			};
			name = Debug;
		};
		3DC1F94B2C15C6A700702DD5 /* Release */ = {
			isa = XCBuildConfiguration;
			buildSettings = {
				ALWAYS_SEARCH_USER_PATHS = NO;
				ASSETCATALOG_COMPILER_GENERATE_SWIFT_ASSET_SYMBOL_EXTENSIONS = YES;
				CLANG_ANALYZER_NONNULL = YES;
				CLANG_ANALYZER_NUMBER_OBJECT_CONVERSION = YES_AGGRESSIVE;
				CLANG_CXX_LANGUAGE_STANDARD = "gnu++20";
				CLANG_ENABLE_MODULES = YES;
				CLANG_ENABLE_OBJC_ARC = YES;
				CLANG_ENABLE_OBJC_WEAK = YES;
				CLANG_WARN_BLOCK_CAPTURE_AUTORELEASING = YES;
				CLANG_WARN_BOOL_CONVERSION = YES;
				CLANG_WARN_COMMA = YES;
				CLANG_WARN_CONSTANT_CONVERSION = YES;
				CLANG_WARN_DEPRECATED_OBJC_IMPLEMENTATIONS = YES;
				CLANG_WARN_DIRECT_OBJC_ISA_USAGE = YES_ERROR;
				CLANG_WARN_DOCUMENTATION_COMMENTS = YES;
				CLANG_WARN_EMPTY_BODY = YES;
				CLANG_WARN_ENUM_CONVERSION = YES;
				CLANG_WARN_INFINITE_RECURSION = YES;
				CLANG_WARN_INT_CONVERSION = YES;
				CLANG_WARN_NON_LITERAL_NULL_CONVERSION = YES;
				CLANG_WARN_OBJC_IMPLICIT_RETAIN_SELF = YES;
				CLANG_WARN_OBJC_LITERAL_CONVERSION = YES;
				CLANG_WARN_OBJC_ROOT_CLASS = YES_ERROR;
				CLANG_WARN_QUOTED_INCLUDE_IN_FRAMEWORK_HEADER = YES;
				CLANG_WARN_RANGE_LOOP_ANALYSIS = YES;
				CLANG_WARN_STRICT_PROTOTYPES = YES;
				CLANG_WARN_SUSPICIOUS_MOVE = YES;
				CLANG_WARN_UNGUARDED_AVAILABILITY = YES_AGGRESSIVE;
				CLANG_WARN_UNREACHABLE_CODE = YES;
				CLANG_WARN__DUPLICATE_METHOD_MATCH = YES;
				COPY_PHASE_STRIP = NO;
				DEBUG_INFORMATION_FORMAT = "dwarf-with-dsym";
				ENABLE_NS_ASSERTIONS = NO;
				ENABLE_STRICT_OBJC_MSGSEND = YES;
				ENABLE_USER_SCRIPT_SANDBOXING = YES;
				GCC_C_LANGUAGE_STANDARD = gnu17;
				GCC_NO_COMMON_BLOCKS = YES;
				GCC_WARN_64_TO_32_BIT_CONVERSION = YES;
				GCC_WARN_ABOUT_RETURN_TYPE = YES_ERROR;
				GCC_WARN_UNDECLARED_SELECTOR = YES;
				GCC_WARN_UNINITIALIZED_AUTOS = YES_AGGRESSIVE;
				GCC_WARN_UNUSED_FUNCTION = YES;
				GCC_WARN_UNUSED_VARIABLE = YES;
				IPHONEOS_DEPLOYMENT_TARGET = 17.4;
				LOCALIZATION_PREFERS_STRING_CATALOGS = YES;
				MTL_ENABLE_DEBUG_INFO = NO;
				MTL_FAST_MATH = YES;
				SDKROOT = iphoneos;
				SWIFT_COMPILATION_MODE = wholemodule;
				VALIDATE_PRODUCT = YES;
			};
			name = Release;
		};
		3DC1F94D2C15C6A700702DD5 /* Debug */ = {
			isa = XCBuildConfiguration;
			buildSettings = {
				ASSETCATALOG_COMPILER_APPICON_NAME = AppIcon;
				ASSETCATALOG_COMPILER_GLOBAL_ACCENT_COLOR_NAME = AccentColor;
				CODE_SIGN_STYLE = Automatic;
				CURRENT_PROJECT_VERSION = 1;
				DEVELOPMENT_ASSET_PATHS = "\"apptesting/Preview Content\"";
				ENABLE_PREVIEWS = YES;
				GENERATE_INFOPLIST_FILE = YES;
				INFOPLIST_KEY_UIApplicationSceneManifest_Generation = YES;
				INFOPLIST_KEY_UIApplicationSupportsIndirectInputEvents = YES;
				INFOPLIST_KEY_UILaunchScreen_Generation = YES;
				INFOPLIST_KEY_UISupportedInterfaceOrientations_iPad = "UIInterfaceOrientationPortrait UIInterfaceOrientationPortraitUpsideDown UIInterfaceOrientationLandscapeLeft UIInterfaceOrientationLandscapeRight";
				INFOPLIST_KEY_UISupportedInterfaceOrientations_iPhone = "UIInterfaceOrientationPortrait UIInterfaceOrientationLandscapeLeft UIInterfaceOrientationLandscapeRight";
				LD_RUNPATH_SEARCH_PATHS = (
					"$(inherited)",
					"@executable_path/Frameworks",
				);
				MARKETING_VERSION = 1.0;
				PRODUCT_BUNDLE_IDENTIFIER = Gopal.apptesting;
				PRODUCT_NAME = "$(TARGET_NAME)";
				SWIFT_EMIT_LOC_STRINGS = YES;
				SWIFT_VERSION = 5.0;
				TARGETED_DEVICE_FAMILY = "1,2";
			};
			name = Debug;
		};
		3DC1F94E2C15C6A700702DD5 /* Release */ = {
			isa = XCBuildConfiguration;
			buildSettings = {
				ASSETCATALOG_COMPILER_APPICON_NAME = AppIcon;
				ASSETCATALOG_COMPILER_GLOBAL_ACCENT_COLOR_NAME = AccentColor;
				CODE_SIGN_STYLE = Automatic;
				CURRENT_PROJECT_VERSION = 1;
				DEVELOPMENT_ASSET_PATHS = "\"apptesting/Preview Content\"";
				ENABLE_PREVIEWS = YES;
				GENERATE_INFOPLIST_FILE = YES;
				INFOPLIST_KEY_UIApplicationSceneManifest_Generation = YES;
				INFOPLIST_KEY_UIApplicationSupportsIndirectInputEvents = YES;
				INFOPLIST_KEY_UILaunchScreen_Generation = YES;
				INFOPLIST_KEY_UISupportedInterfaceOrientations_iPad = "UIInterfaceOrientationPortrait UIInterfaceOrientationPortraitUpsideDown UIInterfaceOrientationLandscapeLeft UIInterfaceOrientationLandscapeRight";
				INFOPLIST_KEY_UISupportedInterfaceOrientations_iPhone = "UIInterfaceOrientationPortrait UIInterfaceOrientationLandscapeLeft UIInterfaceOrientationLandscapeRight";
				LD_RUNPATH_SEARCH_PATHS = (
					"$(inherited)",
					"@executable_path/Frameworks",
				);
				MARKETING_VERSION = 1.0;
				PRODUCT_BUNDLE_IDENTIFIER = Gopal.apptesting;
				PRODUCT_NAME = "$(TARGET_NAME)";
				SWIFT_EMIT_LOC_STRINGS = YES;
				SWIFT_VERSION = 5.0;
				TARGETED_DEVICE_FAMILY = "1,2";
			};
			name = Release;
		};
		3DC1F9502C15C6A700702DD5 /* Debug */ = {
			isa = XCBuildConfiguration;
			buildSettings = {
				ALWAYS_EMBED_SWIFT_STANDARD_LIBRARIES = YES;
				BUNDLE_LOADER = "$(TEST_HOST)";
				CODE_SIGN_STYLE = Automatic;
				CURRENT_PROJECT_VERSION = 1;
				GENERATE_INFOPLIST_FILE = YES;
				IPHONEOS_DEPLOYMENT_TARGET = 17.4;
				MARKETING_VERSION = 1.0;
				PRODUCT_BUNDLE_IDENTIFIER = Gopal.apptestingTests;
				PRODUCT_NAME = "$(TARGET_NAME)";
				SWIFT_EMIT_LOC_STRINGS = NO;
				SWIFT_VERSION = 5.0;
				TARGETED_DEVICE_FAMILY = "1,2";
				TEST_HOST = "$(BUILT_PRODUCTS_DIR)/apptesting.app/$(BUNDLE_EXECUTABLE_FOLDER_PATH)/apptesting";
			};
			name = Debug;
		};
		3DC1F9512C15C6A700702DD5 /* Release */ = {
			isa = XCBuildConfiguration;
			buildSettings = {
				ALWAYS_EMBED_SWIFT_STANDARD_LIBRARIES = YES;
				BUNDLE_LOADER = "$(TEST_HOST)";
				CODE_SIGN_STYLE = Automatic;
				CURRENT_PROJECT_VERSION = 1;
				GENERATE_INFOPLIST_FILE = YES;
				IPHONEOS_DEPLOYMENT_TARGET = 17.4;
				MARKETING_VERSION = 1.0;
				PRODUCT_BUNDLE_IDENTIFIER = Gopal.apptestingTests;
				PRODUCT_NAME = "$(TARGET_NAME)";
				SWIFT_EMIT_LOC_STRINGS = NO;
				SWIFT_VERSION = 5.0;
				TARGETED_DEVICE_FAMILY = "1,2";
				TEST_HOST = "$(BUILT_PRODUCTS_DIR)/apptesting.app/$(BUNDLE_EXECUTABLE_FOLDER_PATH)/apptesting";
			};
			name = Release;
		};
		3DC1F9532C15C6A700702DD5 /* Debug */ = {
			isa = XCBuildConfiguration;
			buildSettings = {
				ALWAYS_EMBED_SWIFT_STANDARD_LIBRARIES = YES;
				CODE_SIGN_STYLE = Automatic;
				CURRENT_PROJECT_VERSION = 1;
				GENERATE_INFOPLIST_FILE = YES;
				MARKETING_VERSION = 1.0;
				PRODUCT_BUNDLE_IDENTIFIER = Gopal.apptestingUITests;
				PRODUCT_NAME = "$(TARGET_NAME)";
				SWIFT_EMIT_LOC_STRINGS = NO;
				SWIFT_VERSION = 5.0;
				TARGETED_DEVICE_FAMILY = "1,2";
				TEST_TARGET_NAME = apptesting;
			};
			name = Debug;
		};
		3DC1F9542C15C6A700702DD5 /* Release */ = {
			isa = XCBuildConfiguration;
			buildSettings = {
				ALWAYS_EMBED_SWIFT_STANDARD_LIBRARIES = YES;
				CODE_SIGN_STYLE = Automatic;
				CURRENT_PROJECT_VERSION = 1;
				GENERATE_INFOPLIST_FILE = YES;
				MARKETING_VERSION = 1.0;
				PRODUCT_BUNDLE_IDENTIFIER = Gopal.apptestingUITests;
				PRODUCT_NAME = "$(TARGET_NAME)";
				SWIFT_EMIT_LOC_STRINGS = NO;
				SWIFT_VERSION = 5.0;
				TARGETED_DEVICE_FAMILY = "1,2";
				TEST_TARGET_NAME = apptesting;
			};
			name = Release;
		};
/* End XCBuildConfiguration section */

/* Begin XCConfigurationList section */
		3DC1F9212C15C6A600702DD5 /* Build configuration list for PBXProject "apptesting" */ = {
			isa = XCConfigurationList;
			buildConfigurations = (
				3DC1F94A2C15C6A700702DD5 /* Debug */,
				3DC1F94B2C15C6A700702DD5 /* Release */,
			);
			defaultConfigurationIsVisible = 0;
			defaultConfigurationName = Release;
		};
		3DC1F94C2C15C6A700702DD5 /* Build configuration list for PBXNativeTarget "apptesting" */ = {
			isa = XCConfigurationList;
			buildConfigurations = (
				3DC1F94D2C15C6A700702DD5 /* Debug */,
				3DC1F94E2C15C6A700702DD5 /* Release */,
			);
			defaultConfigurationIsVisible = 0;
			defaultConfigurationName = Release;
		};
		3DC1F94F2C15C6A700702DD5 /* Build configuration list for PBXNativeTarget "apptestingTests" */ = {
			isa = XCConfigurationList;
			buildConfigurations = (
				3DC1F9502C15C6A700702DD5 /* Debug */,
				3DC1F9512C15C6A700702DD5 /* Release */,
			);
			defaultConfigurationIsVisible = 0;
			defaultConfigurationName = Release;
		};
		3DC1F9522C15C6A700702DD5 /* Build configuration list for PBXNativeTarget "apptestingUITests" */ = {
			isa = XCConfigurationList;
			buildConfigurations = (
				3DC1F9532C15C6A700702DD5 /* Debug */,
				3DC1F9542C15C6A700702DD5 /* Release */,
			);
			defaultConfigurationIsVisible = 0;
			defaultConfigurationName = Release;
		};
/* End XCConfigurationList section */
	};
	rootObject = 3DC1F91E2C15C6A600702DD5 /* Project object */;
}
